
Microsoft Visual Studio Solution File, Format Version 11.00
# Visual Studio 2010
Project("{8BC9CEB8-8B4A-11D0-8D11-00A0C91BC942}") = "OpenGL_Windows", "OpenGL_Windows\OpenGL_Windows.vcxproj", "{C916E1B2-8714-4DE7-9BC4-CC6BF1BB942A}"
EndProject
Project("{8BC9CEB8-8B4A-11D0-8D11-00A0C91BC942}") = "OpenGLDll", "..\OpenGL\OpenGLDll\OpenGLDll.vcxproj", "{BF64CF47-7C44-4D52-B75A-255B47904044}"
EndProject
Global
	GlobalSection(SolutionConfigurationPlatforms) = preSolution
		Debug|Win32 = Debug|Win32
		Release|Win32 = Release|Win32
	EndGlobalSection
	GlobalSection(ProjectConfigurationPlatforms) = postSolution
		{C916E1B2-8714-4DE7-9BC4-CC6BF1BB942A}.Debug|Win32.ActiveCfg = Debug|Win32
		{C916E1B2-8714-4DE7-9BC4-CC6BF1BB942A}.Debug|Win32.Build.0 = Debug|Win32
		{C916E1B2-8714-4DE7-9BC4-CC6BF1BB942A}.Release|Win32.ActiveCfg = Release|Win32
		{C916E1B2-8714-4DE7-9BC4-CC6BF1BB942A}.Release|Win32.Build.0 = Release|Win32
		{BF64CF47-7C44-4D52-B75A-255B47904044}.Debug|Win32.ActiveCfg = Debug|Win32
		{BF64CF47-7C44-4D52-B75A-255B47904044}.Debug|Win32.Build.0 = Debug|Win32
		{BF64CF47-7C44-4D52-B75A-255B47904044}.Release|Win32.ActiveCfg = Release|Win32
		{BF64CF47-7C44-4D52-B75A-255B47904044}.Release|Win32.Build.0 = Release|Win32
	EndGlobalSection
	GlobalSection(SolutionProperties) = preSolution
		HideSolutionNode = FALSE
	EndGlobalSection
EndGlobal
